// !$*UTF8*$!
{
	archiveVersion = 1;
	classes = {
	};
	objectVersion = 56;
	objects = {

/* Begin PBXBuildFile section */
		70A1F6C1292EB33200D4902B /* DynamicTimerApp.swift in Sources */ = {isa = PBXBuildFile; fileRef = 70A1F6C0292EB33200D4902B /* DynamicTimerApp.swift */; };
		70A1F6C3292EB33200D4902B /* ContentView.swift in Sources */ = {isa = PBXBuildFile; fileRef = 70A1F6C2292EB33200D4902B /* ContentView.swift */; };
		70A1F6C5292EB33500D4902B /* Assets.xcassets in Resources */ = {isa = PBXBuildFile; fileRef = 70A1F6C4292EB33500D4902B /* Assets.xcassets */; };
		70A1F6C8292EB33500D4902B /* Preview Assets.xcassets in Resources */ = {isa = PBXBuildFile; fileRef = 70A1F6C7292EB33500D4902B /* Preview Assets.xcassets */; };
		70A1F6CF292EB50600D4902B /* TimerActivityAttributes.swift in Sources */ = {isa = PBXBuildFile; fileRef = 70A1F6CE292EB50600D4902B /* TimerActivityAttributes.swift */; };
		70A1F6D7292EBA9000D4902B /* WidgetKit.framework in Frameworks */ = {isa = PBXBuildFile; fileRef = 70A1F6D6292EBA9000D4902B /* WidgetKit.framework */; };
		70A1F6D9292EBA9000D4902B /* SwiftUI.framework in Frameworks */ = {isa = PBXBuildFile; fileRef = 70A1F6D8292EBA9000D4902B /* SwiftUI.framework */; };
		70A1F6DC292EBA9000D4902B /* TimerWidgetBundle.swift in Sources */ = {isa = PBXBuildFile; fileRef = 70A1F6DB292EBA9000D4902B /* TimerWidgetBundle.swift */; };
		70A1F6DE292EBA9000D4902B /* TimerWidgetLiveActivity.swift in Sources */ = {isa = PBXBuildFile; fileRef = 70A1F6DD292EBA9000D4902B /* TimerWidgetLiveActivity.swift */; };
		70A1F6E0292EBA9000D4902B /* TimerWidget.swift in Sources */ = {isa = PBXBuildFile; fileRef = 70A1F6DF292EBA9000D4902B /* TimerWidget.swift */; };
		70A1F6E2292EBA9400D4902B /* Assets.xcassets in Resources */ = {isa = PBXBuildFile; fileRef = 70A1F6E1292EBA9400D4902B /* Assets.xcassets */; };
		70A1F6E6292EBA9400D4902B /* TimerWidgetExtension.appex in Embed Foundation Extensions */ = {isa = PBXBuildFile; fileRef = 70A1F6D4292EBA9000D4902B /* TimerWidgetExtension.appex */; settings = {ATTRIBUTES = (RemoveHeadersOnCopy, ); }; };
		70A1F6EB292EBE7500D4902B /* TimerActivityAttributes.swift in Sources */ = {isa = PBXBuildFile; fileRef = 70A1F6CE292EB50600D4902B /* TimerActivityAttributes.swift */; };
/* End PBXBuildFile section */

/* Begin PBXContainerItemProxy section */
		70A1F6E4292EBA9400D4902B /* PBXContainerItemProxy */ = {
			isa = PBXContainerItemProxy;
			containerPortal = 70A1F6B5292EB33200D4902B /* Project object */;
			proxyType = 1;
			remoteGlobalIDString = 70A1F6D3292EBA9000D4902B;
			remoteInfo = TimerWidgetExtension;
		};
/* End PBXContainerItemProxy section */

/* Begin PBXCopyFilesBuildPhase section */
		70A1F6EA292EBA9400D4902B /* Embed Foundation Extensions */ = {
			isa = PBXCopyFilesBuildPhase;
			buildActionMask = 2147483647;
			dstPath = "";
			dstSubfolderSpec = 13;
			files = (
				70A1F6E6292EBA9400D4902B /* TimerWidgetExtension.appex in Embed Foundation Extensions */,
			);
			name = "Embed Foundation Extensions";
			runOnlyForDeploymentPostprocessing = 0;
		};
/* End PBXCopyFilesBuildPhase section */

/* Begin PBXFileReference section */
		70A1F6BD292EB33200D4902B /* DynamicTimer.app */ = {isa = PBXFileReference; explicitFileType = wrapper.application; includeInIndex = 0; path = DynamicTimer.app; sourceTree = BUILT_PRODUCTS_DIR; };
		70A1F6C0292EB33200D4902B /* DynamicTimerApp.swift */ = {isa = PBXFileReference; lastKnownFileType = sourcecode.swift; path = DynamicTimerApp.swift; sourceTree = "<group>"; };
		70A1F6C2292EB33200D4902B /* ContentView.swift */ = {isa = PBXFileReference; lastKnownFileType = sourcecode.swift; path = ContentView.swift; sourceTree = "<group>"; };
		70A1F6C4292EB33500D4902B /* Assets.xcassets */ = {isa = PBXFileReference; lastKnownFileType = folder.assetcatalog; path = Assets.xcassets; sourceTree = "<group>"; };
		70A1F6C7292EB33500D4902B /* Preview Assets.xcassets */ = {isa = PBXFileReference; lastKnownFileType = folder.assetcatalog; path = "Preview Assets.xcassets"; sourceTree = "<group>"; };
		70A1F6CE292EB50600D4902B /* TimerActivityAttributes.swift */ = {isa = PBXFileReference; lastKnownFileType = sourcecode.swift; path = TimerActivityAttributes.swift; sourceTree = "<group>"; };
		70A1F6D4292EBA9000D4902B /* TimerWidgetExtension.appex */ = {isa = PBXFileReference; explicitFileType = "wrapper.app-extension"; includeInIndex = 0; path = TimerWidgetExtension.appex; sourceTree = BUILT_PRODUCTS_DIR; };
		70A1F6D6292EBA9000D4902B /* WidgetKit.framework */ = {isa = PBXFileReference; lastKnownFileType = wrapper.framework; name = WidgetKit.framework; path = System/Library/Frameworks/WidgetKit.framework; sourceTree = SDKROOT; };
		70A1F6D8292EBA9000D4902B /* SwiftUI.framework */ = {isa = PBXFileReference; lastKnownFileType = wrapper.framework; name = SwiftUI.framework; path = System/Library/Frameworks/SwiftUI.framework; sourceTree = SDKROOT; };
		70A1F6DB292EBA9000D4902B /* TimerWidgetBundle.swift */ = {isa = PBXFileReference; lastKnownFileType = sourcecode.swift; path = TimerWidgetBundle.swift; sourceTree = "<group>"; };
		70A1F6DD292EBA9000D4902B /* TimerWidgetLiveActivity.swift */ = {isa = PBXFileReference; lastKnownFileType = sourcecode.swift; path = TimerWidgetLiveActivity.swift; sourceTree = "<group>"; };
		70A1F6DF292EBA9000D4902B /* TimerWidget.swift */ = {isa = PBXFileReference; lastKnownFileType = sourcecode.swift; path = TimerWidget.swift; sourceTree = "<group>"; };
		70A1F6E1292EBA9400D4902B /* Assets.xcassets */ = {isa = PBXFileReference; lastKnownFileType = folder.assetcatalog; path = Assets.xcassets; sourceTree = "<group>"; };
		70A1F6E3292EBA9400D4902B /* Info.plist */ = {isa = PBXFileReference; lastKnownFileType = text.plist.xml; path = Info.plist; sourceTree = "<group>"; };
/* End PBXFileReference section */

/* Begin PBXFrameworksBuildPhase section */
		70A1F6BA292EB33200D4902B /* Frameworks */ = {
			isa = PBXFrameworksBuildPhase;
			buildActionMask = 2147483647;
			files = (
			);
			runOnlyForDeploymentPostprocessing = 0;
		};
		70A1F6D1292EBA9000D4902B /* Frameworks */ = {
			isa = PBXFrameworksBuildPhase;
			buildActionMask = 2147483647;
			files = (
				70A1F6D9292EBA9000D4902B /* SwiftUI.framework in Frameworks */,
				70A1F6D7292EBA9000D4902B /* WidgetKit.framework in Frameworks */,
			);
			runOnlyForDeploymentPostprocessing = 0;
		};
/* End PBXFrameworksBuildPhase section */

/* Begin PBXGroup section */
		70A1F6B4292EB33200D4902B = {
			isa = PBXGroup;
			children = (
				70A1F6BF292EB33200D4902B /* DynamicTimer */,
				70A1F6DA292EBA9000D4902B /* TimerWidget */,
				70A1F6D5292EBA9000D4902B /* Frameworks */,
				70A1F6BE292EB33200D4902B /* Products */,
			);
			sourceTree = "<group>";
		};
		70A1F6BE292EB33200D4902B /* Products */ = {
			isa = PBXGroup;
			children = (
				70A1F6BD292EB33200D4902B /* DynamicTimer.app */,
				70A1F6D4292EBA9000D4902B /* TimerWidgetExtension.appex */,
			);
			name = Products;
			sourceTree = "<group>";
		};
		70A1F6BF292EB33200D4902B /* DynamicTimer */ = {
			isa = PBXGroup;
			children = (
				70A1F6C0292EB33200D4902B /* DynamicTimerApp.swift */,
				70A1F6C2292EB33200D4902B /* ContentView.swift */,
				70A1F6CE292EB50600D4902B /* TimerActivityAttributes.swift */,
				70A1F6C4292EB33500D4902B /* Assets.xcassets */,
				70A1F6C6292EB33500D4902B /* Preview Content */,
			);
			path = DynamicTimer;
			sourceTree = "<group>";
		};
		70A1F6C6292EB33500D4902B /* Preview Content */ = {
			isa = PBXGroup;
			children = (
				70A1F6C7292EB33500D4902B /* Preview Assets.xcassets */,
			);
			path = "Preview Content";
			sourceTree = "<group>";
		};
		70A1F6D5292EBA9000D4902B /* Frameworks */ = {
			isa = PBXGroup;
			children = (
				70A1F6D6292EBA9000D4902B /* WidgetKit.framework */,
				70A1F6D8292EBA9000D4902B /* SwiftUI.framework */,
			);
			name = Frameworks;
			sourceTree = "<group>";
		};
		70A1F6DA292EBA9000D4902B /* TimerWidget */ = {
			isa = PBXGroup;
			children = (
				70A1F6DB292EBA9000D4902B /* TimerWidgetBundle.swift */,
				70A1F6DD292EBA9000D4902B /* TimerWidgetLiveActivity.swift */,
				70A1F6DF292EBA9000D4902B /* TimerWidget.swift */,
				70A1F6E1292EBA9400D4902B /* Assets.xcassets */,
				70A1F6E3292EBA9400D4902B /* Info.plist */,
			);
			path = TimerWidget;
			sourceTree = "<group>";
		};
/* End PBXGroup section */

/* Begin PBXNativeTarget section */
		70A1F6BC292EB33200D4902B /* DynamicTimer */ = {
			isa = PBXNativeTarget;
			buildConfigurationList = 70A1F6CB292EB33500D4902B /* Build configuration list for PBXNativeTarget "DynamicTimer" */;
			buildPhases = (
				70A1F6B9292EB33200D4902B /* Sources */,
				70A1F6BA292EB33200D4902B /* Frameworks */,
				70A1F6BB292EB33200D4902B /* Resources */,
				70A1F6EA292EBA9400D4902B /* Embed Foundation Extensions */,
			);
			buildRules = (
			);
			dependencies = (
				70A1F6E5292EBA9400D4902B /* PBXTargetDependency */,
			);
			name = DynamicTimer;
			productName = DynamicTimer;
			productReference = 70A1F6BD292EB33200D4902B /* DynamicTimer.app */;
			productType = "com.apple.product-type.application";
		};
		70A1F6D3292EBA9000D4902B /* TimerWidgetExtension */ = {
			isa = PBXNativeTarget;
			buildConfigurationList = 70A1F6E7292EBA9400D4902B /* Build configuration list for PBXNativeTarget "TimerWidgetExtension" */;
			buildPhases = (
				70A1F6D0292EBA9000D4902B /* Sources */,
				70A1F6D1292EBA9000D4902B /* Frameworks */,
				70A1F6D2292EBA9000D4902B /* Resources */,
			);
			buildRules = (
			);
			dependencies = (
			);
			name = TimerWidgetExtension;
			productName = TimerWidgetExtension;
			productReference = 70A1F6D4292EBA9000D4902B /* TimerWidgetExtension.appex */;
			productType = "com.apple.product-type.app-extension";
		};
/* End PBXNativeTarget section */

/* Begin PBXProject section */
		70A1F6B5292EB33200D4902B /* Project object */ = {
			isa = PBXProject;
			attributes = {
				BuildIndependentTargetsInParallel = 1;
				LastSwiftUpdateCheck = 1410;
				LastUpgradeCheck = 1410;
				TargetAttributes = {
					70A1F6BC292EB33200D4902B = {
						CreatedOnToolsVersion = 14.1;
					};
					70A1F6D3292EBA9000D4902B = {
						CreatedOnToolsVersion = 14.1;
					};
				};
			};
			buildConfigurationList = 70A1F6B8292EB33200D4902B /* Build configuration list for PBXProject "DynamicTimer" */;
			compatibilityVersion = "Xcode 14.0";
			developmentRegion = en;
			hasScannedForEncodings = 0;
			knownRegions = (
				en,
				Base,
			);
			mainGroup = 70A1F6B4292EB33200D4902B;
			productRefGroup = 70A1F6BE292EB33200D4902B /* Products */;
			projectDirPath = "";
			projectRoot = "";
			targets = (
				70A1F6BC292EB33200D4902B /* DynamicTimer */,
				70A1F6D3292EBA9000D4902B /* TimerWidgetExtension */,
			);
		};
/* End PBXProject section */

/* Begin PBXResourcesBuildPhase section */
		70A1F6BB292EB33200D4902B /* Resources */ = {
			isa = PBXResourcesBuildPhase;
			buildActionMask = 2147483647;
			files = (
				70A1F6C8292EB33500D4902B /* Preview Assets.xcassets in Resources */,
				70A1F6C5292EB33500D4902B /* Assets.xcassets in Resources */,
			);
			runOnlyForDeploymentPostprocessing = 0;
		};
		70A1F6D2292EBA9000D4902B /* Resources */ = {
			isa = PBXResourcesBuildPhase;
			buildActionMask = 2147483647;
			files = (
				70A1F6E2292EBA9400D4902B /* Assets.xcassets in Resources */,
			);
			runOnlyForDeploymentPostprocessing = 0;
		};
/* End PBXResourcesBuildPhase section */

/* Begin PBXSourcesBuildPhase section */
		70A1F6B9292EB33200D4902B /* Sources */ = {
			isa = PBXSourcesBuildPhase;
			buildActionMask = 2147483647;
			files = (
				70A1F6C3292EB33200D4902B /* ContentView.swift in Sources */,
				70A1F6CF292EB50600D4902B /* TimerActivityAttributes.swift in Sources */,
				70A1F6C1292EB33200D4902B /* DynamicTimerApp.swift in Sources */,
			);
			runOnlyForDeploymentPostprocessing = 0;
		};
		70A1F6D0292EBA9000D4902B /* Sources */ = {
			isa = PBXSourcesBuildPhase;
			buildActionMask = 2147483647;
			files = (
				70A1F6DE292EBA9000D4902B /* TimerWidgetLiveActivity.swift in Sources */,
				70A1F6EB292EBE7500D4902B /* TimerActivityAttributes.swift in Sources */,
				70A1F6DC292EBA9000D4902B /* TimerWidgetBundle.swift in Sources */,
				70A1F6E0292EBA9000D4902B /* TimerWidget.swift in Sources */,
			);
			runOnlyForDeploymentPostprocessing = 0;
		};
/* End PBXSourcesBuildPhase section */

/* Begin PBXTargetDependency section */
		70A1F6E5292EBA9400D4902B /* PBXTargetDependency */ = {
			isa = PBXTargetDependency;
			target = 70A1F6D3292EBA9000D4902B /* TimerWidgetExtension */;
			targetProxy = 70A1F6E4292EBA9400D4902B /* PBXContainerItemProxy */;
		};
/* End PBXTargetDependency section */

/* Begin XCBuildConfiguration section */
		70A1F6C9292EB33500D4902B /* Debug */ = {
			isa = XCBuildConfiguration;
			buildSettings = {
				ALWAYS_SEARCH_USER_PATHS = NO;
				CLANG_ANALYZER_NONNULL = YES;
				CLANG_ANALYZER_NUMBER_OBJECT_CONVERSION = YES_AGGRESSIVE;
				CLANG_CXX_LANGUAGE_STANDARD = "gnu++20";
				CLANG_ENABLE_MODULES = YES;
				CLANG_ENABLE_OBJC_ARC = YES;
				CLANG_ENABLE_OBJC_WEAK = YES;
				CLANG_WARN_BLOCK_CAPTURE_AUTORELEASING = YES;
				CLANG_WARN_BOOL_CONVERSION = YES;
				CLANG_WARN_COMMA = YES;
				CLANG_WARN_CONSTANT_CONVERSION = YES;
				CLANG_WARN_DEPRECATED_OBJC_IMPLEMENTATIONS = YES;
				CLANG_WARN_DIRECT_OBJC_ISA_USAGE = YES_ERROR;
				CLANG_WARN_DOCUMENTATION_COMMENTS = YES;
				CLANG_WARN_EMPTY_BODY = YES;
				CLANG_WARN_ENUM_CONVERSION = YES;
				CLANG_WARN_INFINITE_RECURSION = YES;
				CLANG_WARN_INT_CONVERSION = YES;
				CLANG_WARN_NON_LITERAL_NULL_CONVERSION = YES;
				CLANG_WARN_OBJC_IMPLICIT_RETAIN_SELF = YES;
				CLANG_WARN_OBJC_LITERAL_CONVERSION = YES;
				CLANG_WARN_OBJC_ROOT_CLASS = YES_ERROR;
				CLANG_WARN_QUOTED_INCLUDE_IN_FRAMEWORK_HEADER = YES;
				CLANG_WARN_RANGE_LOOP_ANALYSIS = YES;
				CLANG_WARN_STRICT_PROTOTYPES = YES;
				CLANG_WARN_SUSPICIOUS_MOVE = YES;
				CLANG_WARN_UNGUARDED_AVAILABILITY = YES_AGGRESSIVE;
				CLANG_WARN_UNREACHABLE_CODE = YES;
				CLANG_WARN__DUPLICATE_METHOD_MATCH = YES;
				COPY_PHASE_STRIP = NO;
				DEBUG_INFORMATION_FORMAT = dwarf;
				ENABLE_STRICT_OBJC_MSGSEND = YES;
				ENABLE_TESTABILITY = YES;
				GCC_C_LANGUAGE_STANDARD = gnu11;
				GCC_DYNAMIC_NO_PIC = NO;
				GCC_NO_COMMON_BLOCKS = YES;
				GCC_OPTIMIZATION_LEVEL = 0;
				GCC_PREPROCESSOR_DEFINITIONS = (
					"DEBUG=1",
					"$(inherited)",
				);
				GCC_WARN_64_TO_32_BIT_CONVERSION = YES;
				GCC_WARN_ABOUT_RETURN_TYPE = YES_ERROR;
				GCC_WARN_UNDECLARED_SELECTOR = YES;
				GCC_WARN_UNINITIALIZED_AUTOS = YES_AGGRESSIVE;
				GCC_WARN_UNUSED_FUNCTION = YES;
				GCC_WARN_UNUSED_VARIABLE = YES;
				IPHONEOS_DEPLOYMENT_TARGET = 16.1;
				MTL_ENABLE_DEBUG_INFO = INCLUDE_SOURCE;
				MTL_FAST_MATH = YES;
				ONLY_ACTIVE_ARCH = YES;
				SDKROOT = iphoneos;
				SWIFT_ACTIVE_COMPILATION_CONDITIONS = DEBUG;
				SWIFT_OPTIMIZATION_LEVEL = "-Onone";
			};
			name = Debug;
		};
		70A1F6CA292EB33500D4902B /* Release */ = {
			isa = XCBuildConfiguration;
			buildSettings = {
				ALWAYS_SEARCH_USER_PATHS = NO;
				CLANG_ANALYZER_NONNULL = YES;
				CLANG_ANALYZER_NUMBER_OBJECT_CONVERSION = YES_AGGRESSIVE;
				CLANG_CXX_LANGUAGE_STANDARD = "gnu++20";
				CLANG_ENABLE_MODULES = YES;
				CLANG_ENABLE_OBJC_ARC = YES;
				CLANG_ENABLE_OBJC_WEAK = YES;
				CLANG_WARN_BLOCK_CAPTURE_AUTORELEASING = YES;
				CLANG_WARN_BOOL_CONVERSION = YES;
				CLANG_WARN_COMMA = YES;
				CLANG_WARN_CONSTANT_CONVERSION = YES;
				CLANG_WARN_DEPRECATED_OBJC_IMPLEMENTATIONS = YES;
				CLANG_WARN_DIRECT_OBJC_ISA_USAGE = YES_ERROR;
				CLANG_WARN_DOCUMENTATION_COMMENTS = YES;
				CLANG_WARN_EMPTY_BODY = YES;
				CLANG_WARN_ENUM_CONVERSION = YES;
				CLANG_WARN_INFINITE_RECURSION = YES;
				CLANG_WARN_INT_CONVERSION = YES;
				CLANG_WARN_NON_LITERAL_NULL_CONVERSION = YES;
				CLANG_WARN_OBJC_IMPLICIT_RETAIN_SELF = YES;
				CLANG_WARN_OBJC_LITERAL_CONVERSION = YES;
				CLANG_WARN_OBJC_ROOT_CLASS = YES_ERROR;
				CLANG_WARN_QUOTED_INCLUDE_IN_FRAMEWORK_HEADER = YES;
				CLANG_WARN_RANGE_LOOP_ANALYSIS = YES;
				CLANG_WARN_STRICT_PROTOTYPES = YES;
				CLANG_WARN_SUSPICIOUS_MOVE = YES;
				CLANG_WARN_UNGUARDED_AVAILABILITY = YES_AGGRESSIVE;
				CLANG_WARN_UNREACHABLE_CODE = YES;
				CLANG_WARN__DUPLICATE_METHOD_MATCH = YES;
				COPY_PHASE_STRIP = NO;
				DEBUG_INFORMATION_FORMAT = "dwarf-with-dsym";
				ENABLE_NS_ASSERTIONS = NO;
				ENABLE_STRICT_OBJC_MSGSEND = YES;
				GCC_C_LANGUAGE_STANDARD = gnu11;
				GCC_NO_COMMON_BLOCKS = YES;
				GCC_WARN_64_TO_32_BIT_CONVERSION = YES;
				GCC_WARN_ABOUT_RETURN_TYPE = YES_ERROR;
				GCC_WARN_UNDECLARED_SELECTOR = YES;
				GCC_WARN_UNINITIALIZED_AUTOS = YES_AGGRESSIVE;
				GCC_WARN_UNUSED_FUNCTION = YES;
				GCC_WARN_UNUSED_VARIABLE = YES;
				IPHONEOS_DEPLOYMENT_TARGET = 16.1;
				MTL_ENABLE_DEBUG_INFO = NO;
				MTL_FAST_MATH = YES;
				SDKROOT = iphoneos;
				SWIFT_COMPILATION_MODE = wholemodule;
				SWIFT_OPTIMIZATION_LEVEL = "-O";
				VALIDATE_PRODUCT = YES;
			};
			name = Release;
		};
		70A1F6CC292EB33500D4902B /* Debug */ = {
			isa = XCBuildConfiguration;
			buildSettings = {
				ALWAYS_EMBED_SWIFT_STANDARD_LIBRARIES = YES;
				ASSETCATALOG_COMPILER_APPICON_NAME = AppIcon;
				ASSETCATALOG_COMPILER_GLOBAL_ACCENT_COLOR_NAME = AccentColor;
				CODE_SIGN_STYLE = Automatic;
				CURRENT_PROJECT_VERSION = 1;
				DEVELOPMENT_ASSET_PATHS = "\"DynamicTimer/Preview Content\"";
				ENABLE_PREVIEWS = YES;
				GENERATE_INFOPLIST_FILE = YES;
				INFOPLIST_KEY_NSSupportsLiveActivities = YES;
				INFOPLIST_KEY_UIApplicationSceneManifest_Generation = YES;
				INFOPLIST_KEY_UIApplicationSupportsIndirectInputEvents = YES;
				INFOPLIST_KEY_UILaunchScreen_Generation = YES;
				INFOPLIST_KEY_UISupportedInterfaceOrientations_iPad = "UIInterfaceOrientationPortrait UIInterfaceOrientationPortraitUpsideDown UIInterfaceOrientationLandscapeLeft UIInterfaceOrientationLandscapeRight";
				INFOPLIST_KEY_UISupportedInterfaceOrientations_iPhone = "UIInterfaceOrientationPortrait UIInterfaceOrientationLandscapeLeft UIInterfaceOrientationLandscapeRight";
				LD_RUNPATH_SEARCH_PATHS = (
					"$(inherited)",
					"@executable_path/Frameworks",
				);
				MARKETING_VERSION = 1.0;
				PRODUCT_BUNDLE_IDENTIFIER = com.example.DynamicTimer;
				PRODUCT_NAME = "$(TARGET_NAME)";
				SWIFT_EMIT_LOC_STRINGS = YES;
				SWIFT_VERSION = 5.0;
				TARGETED_DEVICE_FAMILY = "1,2";
			};
			name = Debug;
		};
		70A1F6CD292EB33500D4902B /* Release */ = {
			isa = XCBuildConfiguration;
			buildSettings = {
				ALWAYS_EMBED_SWIFT_STANDARD_LIBRARIES = YES;
				ASSETCATALOG_COMPILER_APPICON_NAME = AppIcon;
				ASSETCATALOG_COMPILER_GLOBAL_ACCENT_COLOR_NAME = AccentColor;
				CODE_SIGN_STYLE = Automatic;
				CURRENT_PROJECT_VERSION = 1;
				DEVELOPMENT_ASSET_PATHS = "\"DynamicTimer/Preview Content\"";
				ENABLE_PREVIEWS = YES;
				GENERATE_INFOPLIST_FILE = YES;
				INFOPLIST_KEY_NSSupportsLiveActivities = YES;
				INFOPLIST_KEY_UIApplicationSceneManifest_Generation = YES;
				INFOPLIST_KEY_UIApplicationSupportsIndirectInputEvents = YES;
				INFOPLIST_KEY_UILaunchScreen_Generation = YES;
				INFOPLIST_KEY_UISupportedInterfaceOrientations_iPad = "UIInterfaceOrientationPortrait UIInterfaceOrientationPortraitUpsideDown UIInterfaceOrientationLandscapeLeft UIInterfaceOrientationLandscapeRight";
				INFOPLIST_KEY_UISupportedInterfaceOrientations_iPhone = "UIInterfaceOrientationPortrait UIInterfaceOrientationLandscapeLeft UIInterfaceOrientationLandscapeRight";
				LD_RUNPATH_SEARCH_PATHS = (
					"$(inherited)",
					"@executable_path/Frameworks",
				);
				MARKETING_VERSION = 1.0;
				PRODUCT_BUNDLE_IDENTIFIER = com.example.DynamicTimer;
				PRODUCT_NAME = "$(TARGET_NAME)";
				SWIFT_EMIT_LOC_STRINGS = YES;
				SWIFT_VERSION = 5.0;
				TARGETED_DEVICE_FAMILY = "1,2";
			};
			name = Release;
		};
		70A1F6E8292EBA9400D4902B /* Debug */ = {
			isa = XCBuildConfiguration;
			buildSettings = {
				ASSETCATALOG_COMPILER_GLOBAL_ACCENT_COLOR_NAME = AccentColor;
				ASSETCATALOG_COMPILER_WIDGET_BACKGROUND_COLOR_NAME = WidgetBackground;
				CODE_SIGN_STYLE = Automatic;
				CURRENT_PROJECT_VERSION = 1;
				GENERATE_INFOPLIST_FILE = YES;
				INFOPLIST_FILE = TimerWidget/Info.plist;
				INFOPLIST_KEY_CFBundleDisplayName = TimerWidget;
				INFOPLIST_KEY_NSHumanReadableCopyright = "";
				LD_RUNPATH_SEARCH_PATHS = (
					"$(inherited)",
					"@executable_path/Frameworks",
					"@executable_path/../../Frameworks",
				);
				MARKETING_VERSION = 1.0;
				PRODUCT_BUNDLE_IDENTIFIER = com.example.DynamicTimer.TimerWidget;
				PRODUCT_NAME = "$(TARGET_NAME)";
				SKIP_INSTALL = YES;
				SWIFT_EMIT_LOC_STRINGS = YES;
				SWIFT_VERSION = 5.0;
				TARGETED_DEVICE_FAMILY = "1,2";
			};
			name = Debug;
		};
		70A1F6E9292EBA9400D4902B /* Release */ = {
			isa = XCBuildConfiguration;
			buildSettings = {
				ASSETCATALOG_COMPILER_GLOBAL_ACCENT_COLOR_NAME = AccentColor;
				ASSETCATALOG_COMPILER_WIDGET_BACKGROUND_COLOR_NAME = WidgetBackground;
				CODE_SIGN_STYLE = Automatic;
				CURRENT_PROJECT_VERSION = 1;
				GENERATE_INFOPLIST_FILE = YES;
				INFOPLIST_FILE = TimerWidget/Info.plist;
				INFOPLIST_KEY_CFBundleDisplayName = TimerWidget;
				INFOPLIST_KEY_NSHumanReadableCopyright = "";
				LD_RUNPATH_SEARCH_PATHS = (
					"$(inherited)",
					"@executable_path/Frameworks",
					"@executable_path/../../Frameworks",
				);
				MARKETING_VERSION = 1.0;
				PRODUCT_BUNDLE_IDENTIFIER = com.example.DynamicTimer.TimerWidget;
				PRODUCT_NAME = "$(TARGET_NAME)";
				SKIP_INSTALL = YES;
				SWIFT_EMIT_LOC_STRINGS = YES;
				SWIFT_VERSION = 5.0;
				TARGETED_DEVICE_FAMILY = "1,2";
			};
			name = Release;
		};
/* End XCBuildConfiguration section */

/* Begin XCConfigurationList section */
		70A1F6B8292EB33200D4902B /* Build configuration list for PBXProject "DynamicTimer" */ = {
			isa = XCConfigurationList;
			buildConfigurations = (
				70A1F6C9292EB33500D4902B /* Debug */,
				70A1F6CA292EB33500D4902B /* Release */,
			);
			defaultConfigurationIsVisible = 0;
			defaultConfigurationName = Release;
		};
		70A1F6CB292EB33500D4902B /* Build configuration list for PBXNativeTarget "DynamicTimer" */ = {
			isa = XCConfigurationList;
			buildConfigurations = (
				70A1F6CC292EB33500D4902B /* Debug */,
				70A1F6CD292EB33500D4902B /* Release */,
			);
			defaultConfigurationIsVisible = 0;
			defaultConfigurationName = Release;
		};
		70A1F6E7292EBA9400D4902B /* Build configuration list for PBXNativeTarget "TimerWidgetExtension" */ = {
			isa = XCConfigurationList;
			buildConfigurations = (
				70A1F6E8292EBA9400D4902B /* Debug */,
				70A1F6E9292EBA9400D4902B /* Release */,
			);
			defaultConfigurationIsVisible = 0;
			defaultConfigurationName = Release;
		};
/* End XCConfigurationList section */
	};
	rootObject = 70A1F6B5292EB33200D4902B /* Project object */;
}
